
Microsoft Visual Studio Solution File, Format Version 12.00
# Visual Studio Version 17
VisualStudioVersion = 17.0.31903.59
MinimumVisualStudioVersion = 10.0.40219.1
Project("{2150E333-8FDC-42A3-9474-1A3956D46DE8}") = "test", "test", "{07E5198F-CAE1-493C-A276-88F4A38119FD}"
EndProject
Project("{FAE04EC0-301F-11D3-BF4B-00C04F79EFBC}") = "PsyPortrait.Domain.UnitTests", "PsyPortrait.Domain.UnitTests\PsyPortrait.Domain.UnitTests.csproj", "{F95054E4-8B65-4412-A6D5-8D989EAD2C43}"
EndProject
Project("{FAE04EC0-301F-11D3-BF4B-00C04F79EFBC}") = "PsyPortrait.Bot", "PsyPortrait.Bot\PsyPortrait.Bot.csproj", "{2B7A0687-9303-49AC-8615-1C3643952E20}"
EndProject
Global
	GlobalSection(SolutionConfigurationPlatforms) = preSolution
		Debug|Any CPU = Debug|Any CPU
		Release|Any CPU = Release|Any CPU
	EndGlobalSection
	GlobalSection(SolutionProperties) = preSolution
		HideSolutionNode = FALSE
	EndGlobalSection
	GlobalSection(ProjectConfigurationPlatforms) = postSolution
		{F95054E4-8B65-4412-A6D5-8D989EAD2C43}.Debug|Any CPU.ActiveCfg = Debug|Any CPU
		{F95054E4-8B65-4412-A6D5-8D989EAD2C43}.Debug|Any CPU.Build.0 = Debug|Any CPU
		{F95054E4-8B65-4412-A6D5-8D989EAD2C43}.Release|Any CPU.ActiveCfg = Release|Any CPU
		{F95054E4-8B65-4412-A6D5-8D989EAD2C43}.Release|Any CPU.Build.0 = Release|Any CPU
		{2B7A0687-9303-49AC-8615-1C3643952E20}.Debug|Any CPU.ActiveCfg = Debug|Any CPU
		{2B7A0687-9303-49AC-8615-1C3643952E20}.Debug|Any CPU.Build.0 = Debug|Any CPU
		{2B7A0687-9303-49AC-8615-1C3643952E20}.Release|Any CPU.ActiveCfg = Release|Any CPU
		{2B7A0687-9303-49AC-8615-1C3643952E20}.Release|Any CPU.Build.0 = Release|Any CPU
	EndGlobalSection
	GlobalSection(NestedProjects) = preSolution
		{F95054E4-8B65-4412-A6D5-8D989EAD2C43} = {07E5198F-CAE1-493C-A276-88F4A38119FD}
	EndGlobalSection
EndGlobal
